// !$*UTF8*$!
{
	archiveVersion = 1;
	classes = {
	};
	objectVersion = 46;
	objects = {

/* Begin PBXBuildFile section */
		CC5333041C2CF1730066C85D /* main.m in Sources */ = {isa = PBXBuildFile; fileRef = CC5333031C2CF1730066C85D /* main.m */; };
		CC5333071C2CF1730066C85D /* AppDelegate.m in Sources */ = {isa = PBXBuildFile; fileRef = CC5333061C2CF1730066C85D /* AppDelegate.m */; };
		CC53330A1C2CF1730066C85D /* ViewController.m in Sources */ = {isa = PBXBuildFile; fileRef = CC5333091C2CF1730066C85D /* ViewController.m */; };
		CC53330D1C2CF1730066C85D /* Main.storyboard in Resources */ = {isa = PBXBuildFile; fileRef = CC53330B1C2CF1730066C85D /* Main.storyboard */; };
		CC53330F1C2CF1730066C85D /* Assets.xcassets in Resources */ = {isa = PBXBuildFile; fileRef = CC53330E1C2CF1730066C85D /* Assets.xcassets */; };
		CC5333121C2CF1730066C85D /* LaunchScreen.storyboard in Resources */ = {isa = PBXBuildFile; fileRef = CC5333101C2CF1730066C85D /* LaunchScreen.storyboard */; };
/* End PBXBuildFile section */

/* Begin PBXFileReference section */
		CC5332FF1C2CF1730066C85D /* SJMicroBlog.app */ = {isa = PBXFileReference; explicitFileType = wrapper.application; includeInIndex = 0; path = SJMicroBlog.app; sourceTree = BUILT_PRODUCTS_DIR; };
		CC5333031C2CF1730066C85D /* main.m */ = {isa = PBXFileReference; lastKnownFileType = sourcecode.c.objc; path = main.m; sourceTree = "<group>"; };
		CC5333051C2CF1730066C85D /* AppDelegate.h */ = {isa = PBXFileReference; lastKnownFileType = sourcecode.c.h; path = AppDelegate.h; sourceTree = "<group>"; };
		CC5333061C2CF1730066C85D /* AppDelegate.m */ = {isa = PBXFileReference; lastKnownFileType = sourcecode.c.objc; path = AppDelegate.m; sourceTree = "<group>"; };
		CC5333081C2CF1730066C85D /* ViewController.h */ = {isa = PBXFileReference; lastKnownFileType = sourcecode.c.h; path = ViewController.h; sourceTree = "<group>"; };
		CC5333091C2CF1730066C85D /* ViewController.m */ = {isa = PBXFileReference; lastKnownFileType = sourcecode.c.objc; path = ViewController.m; sourceTree = "<group>"; };
		CC53330C1C2CF1730066C85D /* Base */ = {isa = PBXFileReference; lastKnownFileType = file.storyboard; name = Base; path = Base.lproj/Main.storyboard; sourceTree = "<group>"; };
		CC53330E1C2CF1730066C85D /* Assets.xcassets */ = {isa = PBXFileReference; lastKnownFileType = folder.assetcatalog; path = Assets.xcassets; sourceTree = "<group>"; };
		CC5333111C2CF1730066C85D /* Base */ = {isa = PBXFileReference; lastKnownFileType = file.storyboard; name = Base; path = Base.lproj/LaunchScreen.storyboard; sourceTree = "<group>"; };
		CC5333131C2CF1730066C85D /* Info.plist */ = {isa = PBXFileReference; lastKnownFileType = text.plist.xml; path = Info.plist; sourceTree = "<group>"; };
/* End PBXFileReference section */

/* Begin PBXFrameworksBuildPhase section */
		CC5332FC1C2CF1730066C85D /* Frameworks */ = {
			isa = PBXFrameworksBuildPhase;
			buildActionMask = 2147483647;
			files = (
			);
			runOnlyForDeploymentPostprocessing = 0;
		};
/* End PBXFrameworksBuildPhase section */

/* Begin PBXGroup section */
		CC5332F61C2CF1730066C85D = {
			isa = PBXGroup;
			children = (
				CC5333011C2CF1730066C85D /* SJMicroBlog */,
				CC5333001C2CF1730066C85D /* Products */,
			);
			sourceTree = "<group>";
		};
		CC5333001C2CF1730066C85D /* Products */ = {
			isa = PBXGroup;
			children = (
				CC5332FF1C2CF1730066C85D /* SJMicroBlog.app */,
			);
			name = Products;
			sourceTree = "<group>";
		};
		CC5333011C2CF1730066C85D /* SJMicroBlog */ = {
			isa = PBXGroup;
			children = (
				CC5333051C2CF1730066C85D /* AppDelegate.h */,
				CC5333061C2CF1730066C85D /* AppDelegate.m */,
				CC5333081C2CF1730066C85D /* ViewController.h */,
				CC5333091C2CF1730066C85D /* ViewController.m */,
				CC53330B1C2CF1730066C85D /* Main.storyboard */,
				CC53330E1C2CF1730066C85D /* Assets.xcassets */,
				CC5333101C2CF1730066C85D /* LaunchScreen.storyboard */,
				CC5333131C2CF1730066C85D /* Info.plist */,
				CC5333021C2CF1730066C85D /* Supporting Files */,
			);
			path = SJMicroBlog;
			sourceTree = "<group>";
		};
		CC5333021C2CF1730066C85D /* Supporting Files */ = {
			isa = PBXGroup;
			children = (
				CC5333031C2CF1730066C85D /* main.m */,
			);
			name = "Supporting Files";
			sourceTree = "<group>";
		};
/* End PBXGroup section */

/* Begin PBXNativeTarget section */
		CC5332FE1C2CF1730066C85D /* SJMicroBlog */ = {
			isa = PBXNativeTarget;
			buildConfigurationList = CC5333161C2CF1730066C85D /* Build configuration list for PBXNativeTarget "SJMicroBlog" */;
			buildPhases = (
				CC5332FB1C2CF1730066C85D /* Sources */,
				CC5332FC1C2CF1730066C85D /* Frameworks */,
				CC5332FD1C2CF1730066C85D /* Resources */,
			);
			buildRules = (
			);
			dependencies = (
			);
			name = SJMicroBlog;
			productName = SJMicroBlog;
			productReference = CC5332FF1C2CF1730066C85D /* SJMicroBlog.app */;
			productType = "com.apple.product-type.application";
		};
/* End PBXNativeTarget section */

/* Begin PBXProject section */
		CC5332F71C2CF1730066C85D /* Project object */ = {
			isa = PBXProject;
			attributes = {
				LastUpgradeCheck = 0720;
				ORGANIZATIONNAME = iGhibli;
				TargetAttributes = {
					CC5332FE1C2CF1730066C85D = {
						CreatedOnToolsVersion = 7.2;
					};
				};
			};
			buildConfigurationList = CC5332FA1C2CF1730066C85D /* Build configuration list for PBXProject "SJMicroBlog" */;
			compatibilityVersion = "Xcode 3.2";
			developmentRegion = English;
			hasScannedForEncodings = 0;
			knownRegions = (
				en,
				Base,
			);
			mainGroup = CC5332F61C2CF1730066C85D;
			productRefGroup = CC5333001C2CF1730066C85D /* Products */;
			projectDirPath = "";
			projectRoot = "";
			targets = (
				CC5332FE1C2CF1730066C85D /* SJMicroBlog */,
			);
		};
/* End PBXProject section */

/* Begin PBXResourcesBuildPhase section */
		CC5332FD1C2CF1730066C85D /* Resources */ = {
			isa = PBXResourcesBuildPhase;
			buildActionMask = 2147483647;
			files = (
				CC5333121C2CF1730066C85D /* LaunchScreen.storyboard in Resources */,
				CC53330F1C2CF1730066C85D /* Assets.xcassets in Resources */,
				CC53330D1C2CF1730066C85D /* Main.storyboard in Resources */,
			);
			runOnlyForDeploymentPostprocessing = 0;
		};
/* End PBXResourcesBuildPhase section */

/* Begin PBXSourcesBuildPhase section */
		CC5332FB1C2CF1730066C85D /* Sources */ = {
			isa = PBXSourcesBuildPhase;
			buildActionMask = 2147483647;
			files = (
				CC53330A1C2CF1730066C85D /* ViewController.m in Sources */,
				CC5333071C2CF1730066C85D /* AppDelegate.m in Sources */,
				CC5333041C2CF1730066C85D /* main.m in Sources */,
			);
			runOnlyForDeploymentPostprocessing = 0;
		};
/* End PBXSourcesBuildPhase section */

/* Begin PBXVariantGroup section */
		CC53330B1C2CF1730066C85D /* Main.storyboard */ = {
			isa = PBXVariantGroup;
			children = (
				CC53330C1C2CF1730066C85D /* Base */,
			);
			name = Main.storyboard;
			sourceTree = "<group>";
		};
		CC5333101C2CF1730066C85D /* LaunchScreen.storyboard */ = {
			isa = PBXVariantGroup;
			children = (
				CC5333111C2CF1730066C85D /* Base */,
			);
			name = LaunchScreen.storyboard;
			sourceTree = "<group>";
		};
/* End PBXVariantGroup section */

/* Begin XCBuildConfiguration section */
		CC5333141C2CF1730066C85D /* Debug */ = {
			isa = XCBuildConfiguration;
			buildSettings = {
				ALWAYS_SEARCH_USER_PATHS = NO;
				CLANG_CXX_LANGUAGE_STANDARD = "gnu++0x";
				CLANG_CXX_LIBRARY = "libc++";
				CLANG_ENABLE_MODULES = YES;
				CLANG_ENABLE_OBJC_ARC = YES;
				CLANG_WARN_BOOL_CONVERSION = YES;
				CLANG_WARN_CONSTANT_CONVERSION = YES;
				CLANG_WARN_DIRECT_OBJC_ISA_USAGE = YES_ERROR;
				CLANG_WARN_EMPTY_BODY = YES;
				CLANG_WARN_ENUM_CONVERSION = YES;
				CLANG_WARN_INT_CONVERSION = YES;
				CLANG_WARN_OBJC_ROOT_CLASS = YES_ERROR;
				CLANG_WARN_UNREACHABLE_CODE = YES;
				CLANG_WARN__DUPLICATE_METHOD_MATCH = YES;
				"CODE_SIGN_IDENTITY[sdk=iphoneos*]" = "iPhone Developer";
				COPY_PHASE_STRIP = NO;
				DEBUG_INFORMATION_FORMAT = dwarf;
				ENABLE_STRICT_OBJC_MSGSEND = YES;
				ENABLE_TESTABILITY = YES;
				GCC_C_LANGUAGE_STANDARD = gnu99;
				GCC_DYNAMIC_NO_PIC = NO;
				GCC_NO_COMMON_BLOCKS = YES;
				GCC_OPTIMIZATION_LEVEL = 0;
				GCC_PREPROCESSOR_DEFINITIONS = (
					"DEBUG=1",
					"$(inherited)",
				);
				GCC_WARN_64_TO_32_BIT_CONVERSION = YES;
				GCC_WARN_ABOUT_RETURN_TYPE = YES_ERROR;
				GCC_WARN_UNDECLARED_SELECTOR = YES;
				GCC_WARN_UNINITIALIZED_AUTOS = YES_AGGRESSIVE;
				GCC_WARN_UNUSED_FUNCTION = YES;
				GCC_WARN_UNUSED_VARIABLE = YES;
				IPHONEOS_DEPLOYMENT_TARGET = 9.2;
				MTL_ENABLE_DEBUG_INFO = YES;
				ONLY_ACTIVE_ARCH = YES;
				SDKROOT = iphoneos;
			};
			name = Debug;
		};
		CC5333151C2CF1730066C85D /* Release */ = {
			isa = XCBuildConfiguration;
			buildSettings = {
				ALWAYS_SEARCH_USER_PATHS = NO;
				CLANG_CXX_LANGUAGE_STANDARD = "gnu++0x";
				CLANG_CXX_LIBRARY = "libc++";
				CLANG_ENABLE_MODULES = YES;
				CLANG_ENABLE_OBJC_ARC = YES;
				CLANG_WARN_BOOL_CONVERSION = YES;
				CLANG_WARN_CONSTANT_CONVERSION = YES;
				CLANG_WARN_DIRECT_OBJC_ISA_USAGE = YES_ERROR;
				CLANG_WARN_EMPTY_BODY = YES;
				CLANG_WARN_ENUM_CONVERSION = YES;
				CLANG_WARN_INT_CONVERSION = YES;
				CLANG_WARN_OBJC_ROOT_CLASS = YES_ERROR;
				CLANG_WARN_UNREACHABLE_CODE = YES;
				CLANG_WARN__DUPLICATE_METHOD_MATCH = YES;
				"CODE_SIGN_IDENTITY[sdk=iphoneos*]" = "iPhone Developer";
				COPY_PHASE_STRIP = NO;
				DEBUG_INFORMATION_FORMAT = "dwarf-with-dsym";
				ENABLE_NS_ASSERTIONS = NO;
				ENABLE_STRICT_OBJC_MSGSEND = YES;
				GCC_C_LANGUAGE_STANDARD = gnu99;
				GCC_NO_COMMON_BLOCKS = YES;
				GCC_WARN_64_TO_32_BIT_CONVERSION = YES;
				GCC_WARN_ABOUT_RETURN_TYPE = YES_ERROR;
				GCC_WARN_UNDECLARED_SELECTOR = YES;
				GCC_WARN_UNINITIALIZED_AUTOS = YES_AGGRESSIVE;
				GCC_WARN_UNUSED_FUNCTION = YES;
				GCC_WARN_UNUSED_VARIABLE = YES;
				IPHONEOS_DEPLOYMENT_TARGET = 9.2;
				MTL_ENABLE_DEBUG_INFO = NO;
				SDKROOT = iphoneos;
				VALIDATE_PRODUCT = YES;
			};
			name = Release;
		};
		CC5333171C2CF1730066C85D /* Debug */ = {
			isa = XCBuildConfiguration;
			buildSettings = {
				ASSETCATALOG_COMPILER_APPICON_NAME = AppIcon;
				INFOPLIST_FILE = SJMicroBlog/Info.plist;
				LD_RUNPATH_SEARCH_PATHS = "$(inherited) @executable_path/Frameworks";
				PRODUCT_BUNDLE_IDENTIFIER = io.github.iGhibli.SJMicroBlog;
				PRODUCT_NAME = "$(TARGET_NAME)";
			};
			name = Debug;
		};
		CC5333181C2CF1730066C85D /* Release */ = {
			isa = XCBuildConfiguration;
			buildSettings = {
				ASSETCATALOG_COMPILER_APPICON_NAME = AppIcon;
				INFOPLIST_FILE = SJMicroBlog/Info.plist;
				LD_RUNPATH_SEARCH_PATHS = "$(inherited) @executable_path/Frameworks";
				PRODUCT_BUNDLE_IDENTIFIER = io.github.iGhibli.SJMicroBlog;
				PRODUCT_NAME = "$(TARGET_NAME)";
			};
			name = Release;
		};
/* End XCBuildConfiguration section */

/* Begin XCConfigurationList section */
		CC5332FA1C2CF1730066C85D /* Build configuration list for PBXProject "SJMicroBlog" */ = {
			isa = XCConfigurationList;
			buildConfigurations = (
				CC5333141C2CF1730066C85D /* Debug */,
				CC5333151C2CF1730066C85D /* Release */,
			);
			defaultConfigurationIsVisible = 0;
			defaultConfigurationName = Release;
		};
		CC5333161C2CF1730066C85D /* Build configuration list for PBXNativeTarget "SJMicroBlog" */ = {
			isa = XCConfigurationList;
			buildConfigurations = (
				CC5333171C2CF1730066C85D /* Debug */,
				CC5333181C2CF1730066C85D /* Release */,
			);
			defaultConfigurationIsVisible = 0;
		};
/* End XCConfigurationList section */
	};
	rootObject = CC5332F71C2CF1730066C85D /* Project object */;
}
