// !$*UTF8*$!
{
	archiveVersion = 1;
	classes = {
	};
	objectVersion = 46;
	objects = {

/* Begin PBXBuildFile section */
		CC2A58451C2E93DC0038566D /* HomeVC.m in Sources */ = {isa = PBXBuildFile; fileRef = CC2A58441C2E93DC0038566D /* HomeVC.m */; };
		CC2A58481C2EAD4B0038566D /* HomeCell.m in Sources */ = {isa = PBXBuildFile; fileRef = CC2A58471C2EAD4B0038566D /* HomeCell.m */; };
		CC5333041C2CF1730066C85D /* main.m in Sources */ = {isa = PBXBuildFile; fileRef = CC5333031C2CF1730066C85D /* main.m */; };
		CC5333071C2CF1730066C85D /* AppDelegate.m in Sources */ = {isa = PBXBuildFile; fileRef = CC5333061C2CF1730066C85D /* AppDelegate.m */; };
		CC53330D1C2CF1730066C85D /* Main.storyboard in Resources */ = {isa = PBXBuildFile; fileRef = CC53330B1C2CF1730066C85D /* Main.storyboard */; };
		CC53330F1C2CF1730066C85D /* Assets.xcassets in Resources */ = {isa = PBXBuildFile; fileRef = CC53330E1C2CF1730066C85D /* Assets.xcassets */; };
		CC5333121C2CF1730066C85D /* LaunchScreen.storyboard in Resources */ = {isa = PBXBuildFile; fileRef = CC5333101C2CF1730066C85D /* LaunchScreen.storyboard */; };
		CC5333221C2CFF400066C85D /* GuideVC.m in Sources */ = {isa = PBXBuildFile; fileRef = CC5333211C2CFF400066C85D /* GuideVC.m */; };
		CC5333271C2D05B10066C85D /* MainTabBarVC.m in Sources */ = {isa = PBXBuildFile; fileRef = CC5333261C2D05B10066C85D /* MainTabBarVC.m */; };
		CC7E1C7A1C31570000C7724D /* FMDatabase.m in Sources */ = {isa = PBXBuildFile; fileRef = CC7E1C701C31570000C7724D /* FMDatabase.m */; };
		CC7E1C7B1C31570000C7724D /* FMDatabaseAdditions.m in Sources */ = {isa = PBXBuildFile; fileRef = CC7E1C721C31570000C7724D /* FMDatabaseAdditions.m */; };
		CC7E1C7C1C31570000C7724D /* FMDatabasePool.m in Sources */ = {isa = PBXBuildFile; fileRef = CC7E1C741C31570000C7724D /* FMDatabasePool.m */; };
		CC7E1C7D1C31570000C7724D /* FMDatabaseQueue.m in Sources */ = {isa = PBXBuildFile; fileRef = CC7E1C761C31570000C7724D /* FMDatabaseQueue.m */; };
		CC7E1C7E1C31570000C7724D /* FMResultSet.m in Sources */ = {isa = PBXBuildFile; fileRef = CC7E1C791C31570000C7724D /* FMResultSet.m */; };
		CC7E1C821C31577600C7724D /* DataBaseEngine.m in Sources */ = {isa = PBXBuildFile; fileRef = CC7E1C811C31577600C7724D /* DataBaseEngine.m */; };
		CC7E1C841C3158C100C7724D /* status.db in Resources */ = {isa = PBXBuildFile; fileRef = CC7E1C831C3158C100C7724D /* status.db */; };
		CC7E1C861C31591000C7724D /* libsqlite3.0.tbd in Frameworks */ = {isa = PBXBuildFile; fileRef = CC7E1C851C31591000C7724D /* libsqlite3.0.tbd */; };
		CCAD83CE1C2ED858006ECF60 /* NSString+Size.m in Sources */ = {isa = PBXBuildFile; fileRef = CCAD83CD1C2ED858006ECF60 /* NSString+Size.m */; };
		CCBCC6F21C2D551F007105A8 /* LoginVC.m in Sources */ = {isa = PBXBuildFile; fileRef = CCBCC6F11C2D551F007105A8 /* LoginVC.m */; };
		CCBCC7071C2D5E7C007105A8 /* AFHTTPRequestOperation.m in Sources */ = {isa = PBXBuildFile; fileRef = CCBCC6F51C2D5E7C007105A8 /* AFHTTPRequestOperation.m */; };
		CCBCC7081C2D5E7C007105A8 /* AFHTTPRequestOperationManager.m in Sources */ = {isa = PBXBuildFile; fileRef = CCBCC6F71C2D5E7C007105A8 /* AFHTTPRequestOperationManager.m */; };
		CCBCC7091C2D5E7C007105A8 /* AFHTTPSessionManager.m in Sources */ = {isa = PBXBuildFile; fileRef = CCBCC6F91C2D5E7C007105A8 /* AFHTTPSessionManager.m */; };
		CCBCC70A1C2D5E7C007105A8 /* AFNetworkReachabilityManager.m in Sources */ = {isa = PBXBuildFile; fileRef = CCBCC6FC1C2D5E7C007105A8 /* AFNetworkReachabilityManager.m */; };
		CCBCC70B1C2D5E7C007105A8 /* AFSecurityPolicy.m in Sources */ = {isa = PBXBuildFile; fileRef = CCBCC6FE1C2D5E7C007105A8 /* AFSecurityPolicy.m */; };
		CCBCC70C1C2D5E7C007105A8 /* AFURLConnectionOperation.m in Sources */ = {isa = PBXBuildFile; fileRef = CCBCC7001C2D5E7C007105A8 /* AFURLConnectionOperation.m */; };
		CCBCC70D1C2D5E7C007105A8 /* AFURLRequestSerialization.m in Sources */ = {isa = PBXBuildFile; fileRef = CCBCC7021C2D5E7C007105A8 /* AFURLRequestSerialization.m */; };
		CCBCC70E1C2D5E7C007105A8 /* AFURLResponseSerialization.m in Sources */ = {isa = PBXBuildFile; fileRef = CCBCC7041C2D5E7C007105A8 /* AFURLResponseSerialization.m */; };
		CCBCC70F1C2D5E7C007105A8 /* AFURLSessionManager.m in Sources */ = {isa = PBXBuildFile; fileRef = CCBCC7061C2D5E7C007105A8 /* AFURLSessionManager.m */; };
		CCBCC7121C2D6119007105A8 /* Account.m in Sources */ = {isa = PBXBuildFile; fileRef = CCBCC7111C2D6119007105A8 /* Account.m */; };
		CCBCC7151C2D6E0A007105A8 /* NSString+FilePath.m in Sources */ = {isa = PBXBuildFile; fileRef = CCBCC7141C2D6E0A007105A8 /* NSString+FilePath.m */; };
		CCBCC7191C2D73FE007105A8 /* FindVC.m in Sources */ = {isa = PBXBuildFile; fileRef = CCBCC7181C2D73FE007105A8 /* FindVC.m */; };
		CCBCC71D1C2D79FE007105A8 /* settingVC.m in Sources */ = {isa = PBXBuildFile; fileRef = CCBCC71C1C2D79FE007105A8 /* settingVC.m */; };
		CCFFEF121C2FB39400ABDFE5 /* StatusModel.m in Sources */ = {isa = PBXBuildFile; fileRef = CCFFEF111C2FB39400ABDFE5 /* StatusModel.m */; };
		CCFFEF151C2FB3BA00ABDFE5 /* UserModel.m in Sources */ = {isa = PBXBuildFile; fileRef = CCFFEF141C2FB3BA00ABDFE5 /* UserModel.m */; };
		CCFFEF381C30089600ABDFE5 /* MKAnnotationView+WebCache.m in Sources */ = {isa = PBXBuildFile; fileRef = CCFFEF181C30089600ABDFE5 /* MKAnnotationView+WebCache.m */; };
		CCFFEF391C30089600ABDFE5 /* NSData+ImageContentType.m in Sources */ = {isa = PBXBuildFile; fileRef = CCFFEF1A1C30089600ABDFE5 /* NSData+ImageContentType.m */; };
		CCFFEF3A1C30089600ABDFE5 /* SDImageCache.m in Sources */ = {isa = PBXBuildFile; fileRef = CCFFEF1C1C30089600ABDFE5 /* SDImageCache.m */; };
		CCFFEF3B1C30089600ABDFE5 /* SDWebImageCompat.m in Sources */ = {isa = PBXBuildFile; fileRef = CCFFEF1E1C30089600ABDFE5 /* SDWebImageCompat.m */; };
		CCFFEF3C1C30089600ABDFE5 /* SDWebImageDecoder.m in Sources */ = {isa = PBXBuildFile; fileRef = CCFFEF201C30089600ABDFE5 /* SDWebImageDecoder.m */; };
		CCFFEF3D1C30089600ABDFE5 /* SDWebImageDownloader.m in Sources */ = {isa = PBXBuildFile; fileRef = CCFFEF221C30089600ABDFE5 /* SDWebImageDownloader.m */; };
		CCFFEF3E1C30089600ABDFE5 /* SDWebImageDownloaderOperation.m in Sources */ = {isa = PBXBuildFile; fileRef = CCFFEF241C30089600ABDFE5 /* SDWebImageDownloaderOperation.m */; };
		CCFFEF3F1C30089600ABDFE5 /* SDWebImageManager.m in Sources */ = {isa = PBXBuildFile; fileRef = CCFFEF261C30089600ABDFE5 /* SDWebImageManager.m */; };
		CCFFEF401C30089600ABDFE5 /* SDWebImagePrefetcher.m in Sources */ = {isa = PBXBuildFile; fileRef = CCFFEF291C30089600ABDFE5 /* SDWebImagePrefetcher.m */; };
		CCFFEF411C30089600ABDFE5 /* UIButton+WebCache.m in Sources */ = {isa = PBXBuildFile; fileRef = CCFFEF2B1C30089600ABDFE5 /* UIButton+WebCache.m */; };
		CCFFEF421C30089600ABDFE5 /* UIImage+GIF.m in Sources */ = {isa = PBXBuildFile; fileRef = CCFFEF2D1C30089600ABDFE5 /* UIImage+GIF.m */; };
		CCFFEF431C30089600ABDFE5 /* UIImage+MultiFormat.m in Sources */ = {isa = PBXBuildFile; fileRef = CCFFEF2F1C30089600ABDFE5 /* UIImage+MultiFormat.m */; };
		CCFFEF441C30089600ABDFE5 /* UIImage+WebP.m in Sources */ = {isa = PBXBuildFile; fileRef = CCFFEF311C30089600ABDFE5 /* UIImage+WebP.m */; };
		CCFFEF451C30089600ABDFE5 /* UIImageView+HighlightedWebCache.m in Sources */ = {isa = PBXBuildFile; fileRef = CCFFEF331C30089600ABDFE5 /* UIImageView+HighlightedWebCache.m */; };
		CCFFEF461C30089600ABDFE5 /* UIImageView+WebCache.m in Sources */ = {isa = PBXBuildFile; fileRef = CCFFEF351C30089600ABDFE5 /* UIImageView+WebCache.m */; };
		CCFFEF471C30089600ABDFE5 /* UIView+WebCacheOperation.m in Sources */ = {isa = PBXBuildFile; fileRef = CCFFEF371C30089600ABDFE5 /* UIView+WebCacheOperation.m */; };
		CCFFEF4A1C301A1600ABDFE5 /* UITableView+Index.m in Sources */ = {isa = PBXBuildFile; fileRef = CCFFEF491C301A1600ABDFE5 /* UITableView+Index.m */; };
/* End PBXBuildFile section */

/* Begin PBXFileReference section */
		CC2A58431C2E93DC0038566D /* HomeVC.h */ = {isa = PBXFileReference; fileEncoding = 4; lastKnownFileType = sourcecode.c.h; path = HomeVC.h; sourceTree = "<group>"; };
		CC2A58441C2E93DC0038566D /* HomeVC.m */ = {isa = PBXFileReference; fileEncoding = 4; lastKnownFileType = sourcecode.c.objc; path = HomeVC.m; sourceTree = "<group>"; };
		CC2A58461C2EAD4B0038566D /* HomeCell.h */ = {isa = PBXFileReference; fileEncoding = 4; lastKnownFileType = sourcecode.c.h; path = HomeCell.h; sourceTree = "<group>"; };
		CC2A58471C2EAD4B0038566D /* HomeCell.m */ = {isa = PBXFileReference; fileEncoding = 4; lastKnownFileType = sourcecode.c.objc; path = HomeCell.m; sourceTree = "<group>"; };
		CC5332FF1C2CF1730066C85D /* SJMicroBlog.app */ = {isa = PBXFileReference; explicitFileType = wrapper.application; includeInIndex = 0; path = SJMicroBlog.app; sourceTree = BUILT_PRODUCTS_DIR; };
		CC5333031C2CF1730066C85D /* main.m */ = {isa = PBXFileReference; lastKnownFileType = sourcecode.c.objc; path = main.m; sourceTree = "<group>"; };
		CC5333051C2CF1730066C85D /* AppDelegate.h */ = {isa = PBXFileReference; lastKnownFileType = sourcecode.c.h; path = AppDelegate.h; sourceTree = "<group>"; };
		CC5333061C2CF1730066C85D /* AppDelegate.m */ = {isa = PBXFileReference; lastKnownFileType = sourcecode.c.objc; path = AppDelegate.m; sourceTree = "<group>"; };
		CC53330C1C2CF1730066C85D /* Base */ = {isa = PBXFileReference; lastKnownFileType = file.storyboard; name = Base; path = Base.lproj/Main.storyboard; sourceTree = "<group>"; };
		CC53330E1C2CF1730066C85D /* Assets.xcassets */ = {isa = PBXFileReference; lastKnownFileType = folder.assetcatalog; path = Assets.xcassets; sourceTree = "<group>"; };
		CC5333111C2CF1730066C85D /* Base */ = {isa = PBXFileReference; lastKnownFileType = file.storyboard; name = Base; path = Base.lproj/LaunchScreen.storyboard; sourceTree = "<group>"; };
		CC5333131C2CF1730066C85D /* Info.plist */ = {isa = PBXFileReference; lastKnownFileType = text.plist.xml; path = Info.plist; sourceTree = "<group>"; };
		CC5333201C2CFF400066C85D /* GuideVC.h */ = {isa = PBXFileReference; fileEncoding = 4; lastKnownFileType = sourcecode.c.h; path = GuideVC.h; sourceTree = "<group>"; };
		CC5333211C2CFF400066C85D /* GuideVC.m */ = {isa = PBXFileReference; fileEncoding = 4; lastKnownFileType = sourcecode.c.objc; path = GuideVC.m; sourceTree = "<group>"; };
		CC5333231C2D01220066C85D /* Common.h */ = {isa = PBXFileReference; lastKnownFileType = sourcecode.c.h; path = Common.h; sourceTree = "<group>"; };
		CC5333251C2D05B10066C85D /* MainTabBarVC.h */ = {isa = PBXFileReference; fileEncoding = 4; lastKnownFileType = sourcecode.c.h; path = MainTabBarVC.h; sourceTree = "<group>"; };
		CC5333261C2D05B10066C85D /* MainTabBarVC.m */ = {isa = PBXFileReference; fileEncoding = 4; lastKnownFileType = sourcecode.c.objc; path = MainTabBarVC.m; sourceTree = "<group>"; };
		CC7E1C6F1C31570000C7724D /* FMDatabase.h */ = {isa = PBXFileReference; fileEncoding = 4; lastKnownFileType = sourcecode.c.h; path = FMDatabase.h; sourceTree = "<group>"; };
		CC7E1C701C31570000C7724D /* FMDatabase.m */ = {isa = PBXFileReference; fileEncoding = 4; lastKnownFileType = sourcecode.c.objc; path = FMDatabase.m; sourceTree = "<group>"; };
		CC7E1C711C31570000C7724D /* FMDatabaseAdditions.h */ = {isa = PBXFileReference; fileEncoding = 4; lastKnownFileType = sourcecode.c.h; path = FMDatabaseAdditions.h; sourceTree = "<group>"; };
		CC7E1C721C31570000C7724D /* FMDatabaseAdditions.m */ = {isa = PBXFileReference; fileEncoding = 4; lastKnownFileType = sourcecode.c.objc; path = FMDatabaseAdditions.m; sourceTree = "<group>"; };
		CC7E1C731C31570000C7724D /* FMDatabasePool.h */ = {isa = PBXFileReference; fileEncoding = 4; lastKnownFileType = sourcecode.c.h; path = FMDatabasePool.h; sourceTree = "<group>"; };
		CC7E1C741C31570000C7724D /* FMDatabasePool.m */ = {isa = PBXFileReference; fileEncoding = 4; lastKnownFileType = sourcecode.c.objc; path = FMDatabasePool.m; sourceTree = "<group>"; };
		CC7E1C751C31570000C7724D /* FMDatabaseQueue.h */ = {isa = PBXFileReference; fileEncoding = 4; lastKnownFileType = sourcecode.c.h; path = FMDatabaseQueue.h; sourceTree = "<group>"; };
		CC7E1C761C31570000C7724D /* FMDatabaseQueue.m */ = {isa = PBXFileReference; fileEncoding = 4; lastKnownFileType = sourcecode.c.objc; path = FMDatabaseQueue.m; sourceTree = "<group>"; };
		CC7E1C771C31570000C7724D /* FMDB.h */ = {isa = PBXFileReference; fileEncoding = 4; lastKnownFileType = sourcecode.c.h; path = FMDB.h; sourceTree = "<group>"; };
		CC7E1C781C31570000C7724D /* FMResultSet.h */ = {isa = PBXFileReference; fileEncoding = 4; lastKnownFileType = sourcecode.c.h; path = FMResultSet.h; sourceTree = "<group>"; };
		CC7E1C791C31570000C7724D /* FMResultSet.m */ = {isa = PBXFileReference; fileEncoding = 4; lastKnownFileType = sourcecode.c.objc; path = FMResultSet.m; sourceTree = "<group>"; };
		CC7E1C801C31577600C7724D /* DataBaseEngine.h */ = {isa = PBXFileReference; fileEncoding = 4; lastKnownFileType = sourcecode.c.h; path = DataBaseEngine.h; sourceTree = "<group>"; };
		CC7E1C811C31577600C7724D /* DataBaseEngine.m */ = {isa = PBXFileReference; fileEncoding = 4; lastKnownFileType = sourcecode.c.objc; path = DataBaseEngine.m; sourceTree = "<group>"; };
		CC7E1C831C3158C100C7724D /* status.db */ = {isa = PBXFileReference; lastKnownFileType = file; path = status.db; sourceTree = "<group>"; };
		CC7E1C851C31591000C7724D /* libsqlite3.0.tbd */ = {isa = PBXFileReference; lastKnownFileType = "sourcecode.text-based-dylib-definition"; name = libsqlite3.0.tbd; path = usr/lib/libsqlite3.0.tbd; sourceTree = SDKROOT; };
		CCAD83CC1C2ED858006ECF60 /* NSString+Size.h */ = {isa = PBXFileReference; fileEncoding = 4; lastKnownFileType = sourcecode.c.h; path = "NSString+Size.h"; sourceTree = "<group>"; };
		CCAD83CD1C2ED858006ECF60 /* NSString+Size.m */ = {isa = PBXFileReference; fileEncoding = 4; lastKnownFileType = sourcecode.c.objc; path = "NSString+Size.m"; sourceTree = "<group>"; };
		CCBCC6F01C2D551F007105A8 /* LoginVC.h */ = {isa = PBXFileReference; fileEncoding = 4; lastKnownFileType = sourcecode.c.h; path = LoginVC.h; sourceTree = "<group>"; };
		CCBCC6F11C2D551F007105A8 /* LoginVC.m */ = {isa = PBXFileReference; fileEncoding = 4; lastKnownFileType = sourcecode.c.objc; path = LoginVC.m; sourceTree = "<group>"; };
		CCBCC6F41C2D5E7C007105A8 /* AFHTTPRequestOperation.h */ = {isa = PBXFileReference; fileEncoding = 4; lastKnownFileType = sourcecode.c.h; path = AFHTTPRequestOperation.h; sourceTree = "<group>"; };
		CCBCC6F51C2D5E7C007105A8 /* AFHTTPRequestOperation.m */ = {isa = PBXFileReference; fileEncoding = 4; lastKnownFileType = sourcecode.c.objc; path = AFHTTPRequestOperation.m; sourceTree = "<group>"; };
		CCBCC6F61C2D5E7C007105A8 /* AFHTTPRequestOperationManager.h */ = {isa = PBXFileReference; fileEncoding = 4; lastKnownFileType = sourcecode.c.h; path = AFHTTPRequestOperationManager.h; sourceTree = "<group>"; };
		CCBCC6F71C2D5E7C007105A8 /* AFHTTPRequestOperationManager.m */ = {isa = PBXFileReference; fileEncoding = 4; lastKnownFileType = sourcecode.c.objc; path = AFHTTPRequestOperationManager.m; sourceTree = "<group>"; };
		CCBCC6F81C2D5E7C007105A8 /* AFHTTPSessionManager.h */ = {isa = PBXFileReference; fileEncoding = 4; lastKnownFileType = sourcecode.c.h; path = AFHTTPSessionManager.h; sourceTree = "<group>"; };
		CCBCC6F91C2D5E7C007105A8 /* AFHTTPSessionManager.m */ = {isa = PBXFileReference; fileEncoding = 4; lastKnownFileType = sourcecode.c.objc; path = AFHTTPSessionManager.m; sourceTree = "<group>"; };
		CCBCC6FA1C2D5E7C007105A8 /* AFNetworking.h */ = {isa = PBXFileReference; fileEncoding = 4; lastKnownFileType = sourcecode.c.h; path = AFNetworking.h; sourceTree = "<group>"; };
		CCBCC6FB1C2D5E7C007105A8 /* AFNetworkReachabilityManager.h */ = {isa = PBXFileReference; fileEncoding = 4; lastKnownFileType = sourcecode.c.h; path = AFNetworkReachabilityManager.h; sourceTree = "<group>"; };
		CCBCC6FC1C2D5E7C007105A8 /* AFNetworkReachabilityManager.m */ = {isa = PBXFileReference; fileEncoding = 4; lastKnownFileType = sourcecode.c.objc; path = AFNetworkReachabilityManager.m; sourceTree = "<group>"; };
		CCBCC6FD1C2D5E7C007105A8 /* AFSecurityPolicy.h */ = {isa = PBXFileReference; fileEncoding = 4; lastKnownFileType = sourcecode.c.h; path = AFSecurityPolicy.h; sourceTree = "<group>"; };
		CCBCC6FE1C2D5E7C007105A8 /* AFSecurityPolicy.m */ = {isa = PBXFileReference; fileEncoding = 4; lastKnownFileType = sourcecode.c.objc; path = AFSecurityPolicy.m; sourceTree = "<group>"; };
		CCBCC6FF1C2D5E7C007105A8 /* AFURLConnectionOperation.h */ = {isa = PBXFileReference; fileEncoding = 4; lastKnownFileType = sourcecode.c.h; path = AFURLConnectionOperation.h; sourceTree = "<group>"; };
		CCBCC7001C2D5E7C007105A8 /* AFURLConnectionOperation.m */ = {isa = PBXFileReference; fileEncoding = 4; lastKnownFileType = sourcecode.c.objc; path = AFURLConnectionOperation.m; sourceTree = "<group>"; };
		CCBCC7011C2D5E7C007105A8 /* AFURLRequestSerialization.h */ = {isa = PBXFileReference; fileEncoding = 4; lastKnownFileType = sourcecode.c.h; path = AFURLRequestSerialization.h; sourceTree = "<group>"; };
		CCBCC7021C2D5E7C007105A8 /* AFURLRequestSerialization.m */ = {isa = PBXFileReference; fileEncoding = 4; lastKnownFileType = sourcecode.c.objc; path = AFURLRequestSerialization.m; sourceTree = "<group>"; };
		CCBCC7031C2D5E7C007105A8 /* AFURLResponseSerialization.h */ = {isa = PBXFileReference; fileEncoding = 4; lastKnownFileType = sourcecode.c.h; path = AFURLResponseSerialization.h; sourceTree = "<group>"; };
		CCBCC7041C2D5E7C007105A8 /* AFURLResponseSerialization.m */ = {isa = PBXFileReference; fileEncoding = 4; lastKnownFileType = sourcecode.c.objc; path = AFURLResponseSerialization.m; sourceTree = "<group>"; };
		CCBCC7051C2D5E7C007105A8 /* AFURLSessionManager.h */ = {isa = PBXFileReference; fileEncoding = 4; lastKnownFileType = sourcecode.c.h; path = AFURLSessionManager.h; sourceTree = "<group>"; };
		CCBCC7061C2D5E7C007105A8 /* AFURLSessionManager.m */ = {isa = PBXFileReference; fileEncoding = 4; lastKnownFileType = sourcecode.c.objc; path = AFURLSessionManager.m; sourceTree = "<group>"; };
		CCBCC7101C2D6119007105A8 /* Account.h */ = {isa = PBXFileReference; fileEncoding = 4; lastKnownFileType = sourcecode.c.h; path = Account.h; sourceTree = "<group>"; };
		CCBCC7111C2D6119007105A8 /* Account.m */ = {isa = PBXFileReference; fileEncoding = 4; lastKnownFileType = sourcecode.c.objc; path = Account.m; sourceTree = "<group>"; };
		CCBCC7131C2D6E0A007105A8 /* NSString+FilePath.h */ = {isa = PBXFileReference; fileEncoding = 4; lastKnownFileType = sourcecode.c.h; path = "NSString+FilePath.h"; sourceTree = "<group>"; };
		CCBCC7141C2D6E0A007105A8 /* NSString+FilePath.m */ = {isa = PBXFileReference; fileEncoding = 4; lastKnownFileType = sourcecode.c.objc; path = "NSString+FilePath.m"; sourceTree = "<group>"; };
		CCBCC7171C2D73FE007105A8 /* FindVC.h */ = {isa = PBXFileReference; fileEncoding = 4; lastKnownFileType = sourcecode.c.h; path = FindVC.h; sourceTree = "<group>"; };
		CCBCC7181C2D73FE007105A8 /* FindVC.m */ = {isa = PBXFileReference; fileEncoding = 4; lastKnownFileType = sourcecode.c.objc; path = FindVC.m; sourceTree = "<group>"; };
		CCBCC71B1C2D79FE007105A8 /* settingVC.h */ = {isa = PBXFileReference; fileEncoding = 4; lastKnownFileType = sourcecode.c.h; path = settingVC.h; sourceTree = "<group>"; };
		CCBCC71C1C2D79FE007105A8 /* settingVC.m */ = {isa = PBXFileReference; fileEncoding = 4; lastKnownFileType = sourcecode.c.objc; path = settingVC.m; sourceTree = "<group>"; };
		CCFFEF101C2FB39400ABDFE5 /* StatusModel.h */ = {isa = PBXFileReference; fileEncoding = 4; lastKnownFileType = sourcecode.c.h; path = StatusModel.h; sourceTree = "<group>"; };
		CCFFEF111C2FB39400ABDFE5 /* StatusModel.m */ = {isa = PBXFileReference; fileEncoding = 4; lastKnownFileType = sourcecode.c.objc; path = StatusModel.m; sourceTree = "<group>"; };
		CCFFEF131C2FB3BA00ABDFE5 /* UserModel.h */ = {isa = PBXFileReference; fileEncoding = 4; lastKnownFileType = sourcecode.c.h; path = UserModel.h; sourceTree = "<group>"; };
		CCFFEF141C2FB3BA00ABDFE5 /* UserModel.m */ = {isa = PBXFileReference; fileEncoding = 4; lastKnownFileType = sourcecode.c.objc; path = UserModel.m; sourceTree = "<group>"; };
		CCFFEF171C30089600ABDFE5 /* MKAnnotationView+WebCache.h */ = {isa = PBXFileReference; fileEncoding = 4; lastKnownFileType = sourcecode.c.h; path = "MKAnnotationView+WebCache.h"; sourceTree = "<group>"; };
		CCFFEF181C30089600ABDFE5 /* MKAnnotationView+WebCache.m */ = {isa = PBXFileReference; fileEncoding = 4; lastKnownFileType = sourcecode.c.objc; path = "MKAnnotationView+WebCache.m"; sourceTree = "<group>"; };
		CCFFEF191C30089600ABDFE5 /* NSData+ImageContentType.h */ = {isa = PBXFileReference; fileEncoding = 4; lastKnownFileType = sourcecode.c.h; path = "NSData+ImageContentType.h"; sourceTree = "<group>"; };
		CCFFEF1A1C30089600ABDFE5 /* NSData+ImageContentType.m */ = {isa = PBXFileReference; fileEncoding = 4; lastKnownFileType = sourcecode.c.objc; path = "NSData+ImageContentType.m"; sourceTree = "<group>"; };
		CCFFEF1B1C30089600ABDFE5 /* SDImageCache.h */ = {isa = PBXFileReference; fileEncoding = 4; lastKnownFileType = sourcecode.c.h; path = SDImageCache.h; sourceTree = "<group>"; };
		CCFFEF1C1C30089600ABDFE5 /* SDImageCache.m */ = {isa = PBXFileReference; fileEncoding = 4; lastKnownFileType = sourcecode.c.objc; path = SDImageCache.m; sourceTree = "<group>"; };
		CCFFEF1D1C30089600ABDFE5 /* SDWebImageCompat.h */ = {isa = PBXFileReference; fileEncoding = 4; lastKnownFileType = sourcecode.c.h; path = SDWebImageCompat.h; sourceTree = "<group>"; };
		CCFFEF1E1C30089600ABDFE5 /* SDWebImageCompat.m */ = {isa = PBXFileReference; fileEncoding = 4; lastKnownFileType = sourcecode.c.objc; path = SDWebImageCompat.m; sourceTree = "<group>"; };
		CCFFEF1F1C30089600ABDFE5 /* SDWebImageDecoder.h */ = {isa = PBXFileReference; fileEncoding = 4; lastKnownFileType = sourcecode.c.h; path = SDWebImageDecoder.h; sourceTree = "<group>"; };
		CCFFEF201C30089600ABDFE5 /* SDWebImageDecoder.m */ = {isa = PBXFileReference; fileEncoding = 4; lastKnownFileType = sourcecode.c.objc; path = SDWebImageDecoder.m; sourceTree = "<group>"; };
		CCFFEF211C30089600ABDFE5 /* SDWebImageDownloader.h */ = {isa = PBXFileReference; fileEncoding = 4; lastKnownFileType = sourcecode.c.h; path = SDWebImageDownloader.h; sourceTree = "<group>"; };
		CCFFEF221C30089600ABDFE5 /* SDWebImageDownloader.m */ = {isa = PBXFileReference; fileEncoding = 4; lastKnownFileType = sourcecode.c.objc; path = SDWebImageDownloader.m; sourceTree = "<group>"; };
		CCFFEF231C30089600ABDFE5 /* SDWebImageDownloaderOperation.h */ = {isa = PBXFileReference; fileEncoding = 4; lastKnownFileType = sourcecode.c.h; path = SDWebImageDownloaderOperation.h; sourceTree = "<group>"; };
		CCFFEF241C30089600ABDFE5 /* SDWebImageDownloaderOperation.m */ = {isa = PBXFileReference; fileEncoding = 4; lastKnownFileType = sourcecode.c.objc; path = SDWebImageDownloaderOperation.m; sourceTree = "<group>"; };
		CCFFEF251C30089600ABDFE5 /* SDWebImageManager.h */ = {isa = PBXFileReference; fileEncoding = 4; lastKnownFileType = sourcecode.c.h; path = SDWebImageManager.h; sourceTree = "<group>"; };
		CCFFEF261C30089600ABDFE5 /* SDWebImageManager.m */ = {isa = PBXFileReference; fileEncoding = 4; lastKnownFileType = sourcecode.c.objc; path = SDWebImageManager.m; sourceTree = "<group>"; };
		CCFFEF271C30089600ABDFE5 /* SDWebImageOperation.h */ = {isa = PBXFileReference; fileEncoding = 4; lastKnownFileType = sourcecode.c.h; path = SDWebImageOperation.h; sourceTree = "<group>"; };
		CCFFEF281C30089600ABDFE5 /* SDWebImagePrefetcher.h */ = {isa = PBXFileReference; fileEncoding = 4; lastKnownFileType = sourcecode.c.h; path = SDWebImagePrefetcher.h; sourceTree = "<group>"; };
		CCFFEF291C30089600ABDFE5 /* SDWebImagePrefetcher.m */ = {isa = PBXFileReference; fileEncoding = 4; lastKnownFileType = sourcecode.c.objc; path = SDWebImagePrefetcher.m; sourceTree = "<group>"; };
		CCFFEF2A1C30089600ABDFE5 /* UIButton+WebCache.h */ = {isa = PBXFileReference; fileEncoding = 4; lastKnownFileType = sourcecode.c.h; path = "UIButton+WebCache.h"; sourceTree = "<group>"; };
		CCFFEF2B1C30089600ABDFE5 /* UIButton+WebCache.m */ = {isa = PBXFileReference; fileEncoding = 4; lastKnownFileType = sourcecode.c.objc; path = "UIButton+WebCache.m"; sourceTree = "<group>"; };
		CCFFEF2C1C30089600ABDFE5 /* UIImage+GIF.h */ = {isa = PBXFileReference; fileEncoding = 4; lastKnownFileType = sourcecode.c.h; path = "UIImage+GIF.h"; sourceTree = "<group>"; };
		CCFFEF2D1C30089600ABDFE5 /* UIImage+GIF.m */ = {isa = PBXFileReference; fileEncoding = 4; lastKnownFileType = sourcecode.c.objc; path = "UIImage+GIF.m"; sourceTree = "<group>"; };
		CCFFEF2E1C30089600ABDFE5 /* UIImage+MultiFormat.h */ = {isa = PBXFileReference; fileEncoding = 4; lastKnownFileType = sourcecode.c.h; path = "UIImage+MultiFormat.h"; sourceTree = "<group>"; };
		CCFFEF2F1C30089600ABDFE5 /* UIImage+MultiFormat.m */ = {isa = PBXFileReference; fileEncoding = 4; lastKnownFileType = sourcecode.c.objc; path = "UIImage+MultiFormat.m"; sourceTree = "<group>"; };
		CCFFEF301C30089600ABDFE5 /* UIImage+WebP.h */ = {isa = PBXFileReference; fileEncoding = 4; lastKnownFileType = sourcecode.c.h; path = "UIImage+WebP.h"; sourceTree = "<group>"; };
		CCFFEF311C30089600ABDFE5 /* UIImage+WebP.m */ = {isa = PBXFileReference; fileEncoding = 4; lastKnownFileType = sourcecode.c.objc; path = "UIImage+WebP.m"; sourceTree = "<group>"; };
		CCFFEF321C30089600ABDFE5 /* UIImageView+HighlightedWebCache.h */ = {isa = PBXFileReference; fileEncoding = 4; lastKnownFileType = sourcecode.c.h; path = "UIImageView+HighlightedWebCache.h"; sourceTree = "<group>"; };
		CCFFEF331C30089600ABDFE5 /* UIImageView+HighlightedWebCache.m */ = {isa = PBXFileReference; fileEncoding = 4; lastKnownFileType = sourcecode.c.objc; path = "UIImageView+HighlightedWebCache.m"; sourceTree = "<group>"; };
		CCFFEF341C30089600ABDFE5 /* UIImageView+WebCache.h */ = {isa = PBXFileReference; fileEncoding = 4; lastKnownFileType = sourcecode.c.h; path = "UIImageView+WebCache.h"; sourceTree = "<group>"; };
		CCFFEF351C30089600ABDFE5 /* UIImageView+WebCache.m */ = {isa = PBXFileReference; fileEncoding = 4; lastKnownFileType = sourcecode.c.objc; path = "UIImageView+WebCache.m"; sourceTree = "<group>"; };
		CCFFEF361C30089600ABDFE5 /* UIView+WebCacheOperation.h */ = {isa = PBXFileReference; fileEncoding = 4; lastKnownFileType = sourcecode.c.h; path = "UIView+WebCacheOperation.h"; sourceTree = "<group>"; };
		CCFFEF371C30089600ABDFE5 /* UIView+WebCacheOperation.m */ = {isa = PBXFileReference; fileEncoding = 4; lastKnownFileType = sourcecode.c.objc; path = "UIView+WebCacheOperation.m"; sourceTree = "<group>"; };
		CCFFEF481C301A1500ABDFE5 /* UITableView+Index.h */ = {isa = PBXFileReference; fileEncoding = 4; lastKnownFileType = sourcecode.c.h; path = "UITableView+Index.h"; sourceTree = "<group>"; };
		CCFFEF491C301A1600ABDFE5 /* UITableView+Index.m */ = {isa = PBXFileReference; fileEncoding = 4; lastKnownFileType = sourcecode.c.objc; path = "UITableView+Index.m"; sourceTree = "<group>"; };
/* End PBXFileReference section */

/* Begin PBXFrameworksBuildPhase section */
		CC5332FC1C2CF1730066C85D /* Frameworks */ = {
			isa = PBXFrameworksBuildPhase;
			buildActionMask = 2147483647;
			files = (
				CC7E1C861C31591000C7724D /* libsqlite3.0.tbd in Frameworks */,
			);
			runOnlyForDeploymentPostprocessing = 0;
		};
/* End PBXFrameworksBuildPhase section */

/* Begin PBXGroup section */
		CC2A58421C2E93A40038566D /* HomeVC */ = {
			isa = PBXGroup;
			children = (
				CC2A58431C2E93DC0038566D /* HomeVC.h */,
				CC2A58441C2E93DC0038566D /* HomeVC.m */,
			);
			name = HomeVC;
			sourceTree = "<group>";
		};
		CC5332F61C2CF1730066C85D = {
			isa = PBXGroup;
			children = (
				CC7E1C851C31591000C7724D /* libsqlite3.0.tbd */,
				CC5333011C2CF1730066C85D /* SJMicroBlog */,
				CC5333001C2CF1730066C85D /* Products */,
			);
			sourceTree = "<group>";
		};
		CC5333001C2CF1730066C85D /* Products */ = {
			isa = PBXGroup;
			children = (
				CC5332FF1C2CF1730066C85D /* SJMicroBlog.app */,
			);
			name = Products;
			sourceTree = "<group>";
		};
		CC5333011C2CF1730066C85D /* SJMicroBlog */ = {
			isa = PBXGroup;
			children = (
				CC53331E1C2CF5060066C85D /* OpenSources */,
				CC53331D1C2CF4F50066C85D /* Models */,
				CC53331B1C2CF4D50066C85D /* Controllers */,
				CC53331C1C2CF4EC0066C85D /* Views */,
				CC53331A1C2CF4BC0066C85D /* Tools */,
				CC5333191C2CF4B30066C85D /* Others */,
				CC5333021C2CF1730066C85D /* Supporting Files */,
			);
			path = SJMicroBlog;
			sourceTree = "<group>";
		};
		CC5333021C2CF1730066C85D /* Supporting Files */ = {
			isa = PBXGroup;
			children = (
				CC53330E1C2CF1730066C85D /* Assets.xcassets */,
				CC5333101C2CF1730066C85D /* LaunchScreen.storyboard */,
				CC5333131C2CF1730066C85D /* Info.plist */,
				CC5333031C2CF1730066C85D /* main.m */,
			);
			name = "Supporting Files";
			sourceTree = "<group>";
		};
		CC5333191C2CF4B30066C85D /* Others */ = {
			isa = PBXGroup;
			children = (
				CC7E1C7F1C31572400C7724D /* DB */,
				CC5333231C2D01220066C85D /* Common.h */,
				CC5333051C2CF1730066C85D /* AppDelegate.h */,
				CC5333061C2CF1730066C85D /* AppDelegate.m */,
				CCBCC7131C2D6E0A007105A8 /* NSString+FilePath.h */,
				CCBCC7141C2D6E0A007105A8 /* NSString+FilePath.m */,
				CCAD83CC1C2ED858006ECF60 /* NSString+Size.h */,
				CCAD83CD1C2ED858006ECF60 /* NSString+Size.m */,
				CCFFEF481C301A1500ABDFE5 /* UITableView+Index.h */,
				CCFFEF491C301A1600ABDFE5 /* UITableView+Index.m */,
			);
			name = Others;
			sourceTree = "<group>";
		};
		CC53331A1C2CF4BC0066C85D /* Tools */ = {
			isa = PBXGroup;
			children = (
			);
			name = Tools;
			sourceTree = "<group>";
		};
		CC53331B1C2CF4D50066C85D /* Controllers */ = {
			isa = PBXGroup;
			children = (
				CC2A58421C2E93A40038566D /* HomeVC */,
				CCBCC71A1C2D79B7007105A8 /* profile */,
				CCBCC7161C2D73D4007105A8 /* FindVC */,
				CCBCC6EF1C2D54F2007105A8 /* Login */,
				CC5333241C2D05790066C85D /* MainVC */,
				CC53331F1C2CFEE60066C85D /* GuideVC */,
			);
			name = Controllers;
			sourceTree = "<group>";
		};
		CC53331C1C2CF4EC0066C85D /* Views */ = {
			isa = PBXGroup;
			children = (
				CC53330B1C2CF1730066C85D /* Main.storyboard */,
				CC2A58461C2EAD4B0038566D /* HomeCell.h */,
				CC2A58471C2EAD4B0038566D /* HomeCell.m */,
			);
			name = Views;
			sourceTree = "<group>";
		};
		CC53331D1C2CF4F50066C85D /* Models */ = {
			isa = PBXGroup;
			children = (
				CCBCC7101C2D6119007105A8 /* Account.h */,
				CCBCC7111C2D6119007105A8 /* Account.m */,
				CCFFEF101C2FB39400ABDFE5 /* StatusModel.h */,
				CCFFEF111C2FB39400ABDFE5 /* StatusModel.m */,
				CCFFEF131C2FB3BA00ABDFE5 /* UserModel.h */,
				CCFFEF141C2FB3BA00ABDFE5 /* UserModel.m */,
			);
			name = Models;
			sourceTree = "<group>";
		};
		CC53331E1C2CF5060066C85D /* OpenSources */ = {
			isa = PBXGroup;
			children = (
				CC7E1C6E1C31570000C7724D /* fmdb */,
				CCFFEF161C30089600ABDFE5 /* SDWebImage */,
				CCBCC6F31C2D5E7C007105A8 /* AFNetworking */,
			);
			name = OpenSources;
			sourceTree = "<group>";
		};
		CC53331F1C2CFEE60066C85D /* GuideVC */ = {
			isa = PBXGroup;
			children = (
				CC5333201C2CFF400066C85D /* GuideVC.h */,
				CC5333211C2CFF400066C85D /* GuideVC.m */,
			);
			name = GuideVC;
			sourceTree = "<group>";
		};
		CC5333241C2D05790066C85D /* MainVC */ = {
			isa = PBXGroup;
			children = (
				CC5333251C2D05B10066C85D /* MainTabBarVC.h */,
				CC5333261C2D05B10066C85D /* MainTabBarVC.m */,
			);
			name = MainVC;
			sourceTree = "<group>";
		};
		CC7E1C6E1C31570000C7724D /* fmdb */ = {
			isa = PBXGroup;
			children = (
				CC7E1C6F1C31570000C7724D /* FMDatabase.h */,
				CC7E1C701C31570000C7724D /* FMDatabase.m */,
				CC7E1C711C31570000C7724D /* FMDatabaseAdditions.h */,
				CC7E1C721C31570000C7724D /* FMDatabaseAdditions.m */,
				CC7E1C731C31570000C7724D /* FMDatabasePool.h */,
				CC7E1C741C31570000C7724D /* FMDatabasePool.m */,
				CC7E1C751C31570000C7724D /* FMDatabaseQueue.h */,
				CC7E1C761C31570000C7724D /* FMDatabaseQueue.m */,
				CC7E1C771C31570000C7724D /* FMDB.h */,
				CC7E1C781C31570000C7724D /* FMResultSet.h */,
				CC7E1C791C31570000C7724D /* FMResultSet.m */,
			);
			path = fmdb;
			sourceTree = "<group>";
		};
		CC7E1C7F1C31572400C7724D /* DB */ = {
			isa = PBXGroup;
			children = (
				CC7E1C831C3158C100C7724D /* status.db */,
				CC7E1C801C31577600C7724D /* DataBaseEngine.h */,
				CC7E1C811C31577600C7724D /* DataBaseEngine.m */,
			);
			name = DB;
			sourceTree = "<group>";
		};
		CCBCC6EF1C2D54F2007105A8 /* Login */ = {
			isa = PBXGroup;
			children = (
				CCBCC6F01C2D551F007105A8 /* LoginVC.h */,
				CCBCC6F11C2D551F007105A8 /* LoginVC.m */,
			);
			name = Login;
			sourceTree = "<group>";
		};
		CCBCC6F31C2D5E7C007105A8 /* AFNetworking */ = {
			isa = PBXGroup;
			children = (
				CCBCC6F41C2D5E7C007105A8 /* AFHTTPRequestOperation.h */,
				CCBCC6F51C2D5E7C007105A8 /* AFHTTPRequestOperation.m */,
				CCBCC6F61C2D5E7C007105A8 /* AFHTTPRequestOperationManager.h */,
				CCBCC6F71C2D5E7C007105A8 /* AFHTTPRequestOperationManager.m */,
				CCBCC6F81C2D5E7C007105A8 /* AFHTTPSessionManager.h */,
				CCBCC6F91C2D5E7C007105A8 /* AFHTTPSessionManager.m */,
				CCBCC6FA1C2D5E7C007105A8 /* AFNetworking.h */,
				CCBCC6FB1C2D5E7C007105A8 /* AFNetworkReachabilityManager.h */,
				CCBCC6FC1C2D5E7C007105A8 /* AFNetworkReachabilityManager.m */,
				CCBCC6FD1C2D5E7C007105A8 /* AFSecurityPolicy.h */,
				CCBCC6FE1C2D5E7C007105A8 /* AFSecurityPolicy.m */,
				CCBCC6FF1C2D5E7C007105A8 /* AFURLConnectionOperation.h */,
				CCBCC7001C2D5E7C007105A8 /* AFURLConnectionOperation.m */,
				CCBCC7011C2D5E7C007105A8 /* AFURLRequestSerialization.h */,
				CCBCC7021C2D5E7C007105A8 /* AFURLRequestSerialization.m */,
				CCBCC7031C2D5E7C007105A8 /* AFURLResponseSerialization.h */,
				CCBCC7041C2D5E7C007105A8 /* AFURLResponseSerialization.m */,
				CCBCC7051C2D5E7C007105A8 /* AFURLSessionManager.h */,
				CCBCC7061C2D5E7C007105A8 /* AFURLSessionManager.m */,
			);
			path = AFNetworking;
			sourceTree = "<group>";
		};
		CCBCC7161C2D73D4007105A8 /* FindVC */ = {
			isa = PBXGroup;
			children = (
				CCBCC7171C2D73FE007105A8 /* FindVC.h */,
				CCBCC7181C2D73FE007105A8 /* FindVC.m */,
			);
			name = FindVC;
			sourceTree = "<group>";
		};
		CCBCC71A1C2D79B7007105A8 /* profile */ = {
			isa = PBXGroup;
			children = (
				CCBCC71B1C2D79FE007105A8 /* settingVC.h */,
				CCBCC71C1C2D79FE007105A8 /* settingVC.m */,
			);
			name = profile;
			sourceTree = "<group>";
		};
		CCFFEF161C30089600ABDFE5 /* SDWebImage */ = {
			isa = PBXGroup;
			children = (
				CCFFEF171C30089600ABDFE5 /* MKAnnotationView+WebCache.h */,
				CCFFEF181C30089600ABDFE5 /* MKAnnotationView+WebCache.m */,
				CCFFEF191C30089600ABDFE5 /* NSData+ImageContentType.h */,
				CCFFEF1A1C30089600ABDFE5 /* NSData+ImageContentType.m */,
				CCFFEF1B1C30089600ABDFE5 /* SDImageCache.h */,
				CCFFEF1C1C30089600ABDFE5 /* SDImageCache.m */,
				CCFFEF1D1C30089600ABDFE5 /* SDWebImageCompat.h */,
				CCFFEF1E1C30089600ABDFE5 /* SDWebImageCompat.m */,
				CCFFEF1F1C30089600ABDFE5 /* SDWebImageDecoder.h */,
				CCFFEF201C30089600ABDFE5 /* SDWebImageDecoder.m */,
				CCFFEF211C30089600ABDFE5 /* SDWebImageDownloader.h */,
				CCFFEF221C30089600ABDFE5 /* SDWebImageDownloader.m */,
				CCFFEF231C30089600ABDFE5 /* SDWebImageDownloaderOperation.h */,
				CCFFEF241C30089600ABDFE5 /* SDWebImageDownloaderOperation.m */,
				CCFFEF251C30089600ABDFE5 /* SDWebImageManager.h */,
				CCFFEF261C30089600ABDFE5 /* SDWebImageManager.m */,
				CCFFEF271C30089600ABDFE5 /* SDWebImageOperation.h */,
				CCFFEF281C30089600ABDFE5 /* SDWebImagePrefetcher.h */,
				CCFFEF291C30089600ABDFE5 /* SDWebImagePrefetcher.m */,
				CCFFEF2A1C30089600ABDFE5 /* UIButton+WebCache.h */,
				CCFFEF2B1C30089600ABDFE5 /* UIButton+WebCache.m */,
				CCFFEF2C1C30089600ABDFE5 /* UIImage+GIF.h */,
				CCFFEF2D1C30089600ABDFE5 /* UIImage+GIF.m */,
				CCFFEF2E1C30089600ABDFE5 /* UIImage+MultiFormat.h */,
				CCFFEF2F1C30089600ABDFE5 /* UIImage+MultiFormat.m */,
				CCFFEF301C30089600ABDFE5 /* UIImage+WebP.h */,
				CCFFEF311C30089600ABDFE5 /* UIImage+WebP.m */,
				CCFFEF321C30089600ABDFE5 /* UIImageView+HighlightedWebCache.h */,
				CCFFEF331C30089600ABDFE5 /* UIImageView+HighlightedWebCache.m */,
				CCFFEF341C30089600ABDFE5 /* UIImageView+WebCache.h */,
				CCFFEF351C30089600ABDFE5 /* UIImageView+WebCache.m */,
				CCFFEF361C30089600ABDFE5 /* UIView+WebCacheOperation.h */,
				CCFFEF371C30089600ABDFE5 /* UIView+WebCacheOperation.m */,
			);
			path = SDWebImage;
			sourceTree = "<group>";
		};
/* End PBXGroup section */

/* Begin PBXNativeTarget section */
		CC5332FE1C2CF1730066C85D /* SJMicroBlog */ = {
			isa = PBXNativeTarget;
			buildConfigurationList = CC5333161C2CF1730066C85D /* Build configuration list for PBXNativeTarget "SJMicroBlog" */;
			buildPhases = (
				CC5332FB1C2CF1730066C85D /* Sources */,
				CC5332FC1C2CF1730066C85D /* Frameworks */,
				CC5332FD1C2CF1730066C85D /* Resources */,
			);
			buildRules = (
			);
			dependencies = (
			);
			name = SJMicroBlog;
			productName = SJMicroBlog;
			productReference = CC5332FF1C2CF1730066C85D /* SJMicroBlog.app */;
			productType = "com.apple.product-type.application";
		};
/* End PBXNativeTarget section */

/* Begin PBXProject section */
		CC5332F71C2CF1730066C85D /* Project object */ = {
			isa = PBXProject;
			attributes = {
				LastUpgradeCheck = 0720;
				ORGANIZATIONNAME = iGhibli;
				TargetAttributes = {
					CC5332FE1C2CF1730066C85D = {
						CreatedOnToolsVersion = 7.2;
					};
				};
			};
			buildConfigurationList = CC5332FA1C2CF1730066C85D /* Build configuration list for PBXProject "SJMicroBlog" */;
			compatibilityVersion = "Xcode 3.2";
			developmentRegion = English;
			hasScannedForEncodings = 0;
			knownRegions = (
				en,
				Base,
			);
			mainGroup = CC5332F61C2CF1730066C85D;
			productRefGroup = CC5333001C2CF1730066C85D /* Products */;
			projectDirPath = "";
			projectRoot = "";
			targets = (
				CC5332FE1C2CF1730066C85D /* SJMicroBlog */,
			);
		};
/* End PBXProject section */

/* Begin PBXResourcesBuildPhase section */
		CC5332FD1C2CF1730066C85D /* Resources */ = {
			isa = PBXResourcesBuildPhase;
			buildActionMask = 2147483647;
			files = (
				CC5333121C2CF1730066C85D /* LaunchScreen.storyboard in Resources */,
				CC7E1C841C3158C100C7724D /* status.db in Resources */,
				CC53330F1C2CF1730066C85D /* Assets.xcassets in Resources */,
				CC53330D1C2CF1730066C85D /* Main.storyboard in Resources */,
			);
			runOnlyForDeploymentPostprocessing = 0;
		};
/* End PBXResourcesBuildPhase section */

/* Begin PBXSourcesBuildPhase section */
		CC5332FB1C2CF1730066C85D /* Sources */ = {
			isa = PBXSourcesBuildPhase;
			buildActionMask = 2147483647;
			files = (
				CCFFEF3C1C30089600ABDFE5 /* SDWebImageDecoder.m in Sources */,
				CCFFEF471C30089600ABDFE5 /* UIView+WebCacheOperation.m in Sources */,
				CCBCC70C1C2D5E7C007105A8 /* AFURLConnectionOperation.m in Sources */,
				CCFFEF3F1C30089600ABDFE5 /* SDWebImageManager.m in Sources */,
				CC7E1C821C31577600C7724D /* DataBaseEngine.m in Sources */,
				CC2A58451C2E93DC0038566D /* HomeVC.m in Sources */,
				CC7E1C7B1C31570000C7724D /* FMDatabaseAdditions.m in Sources */,
				CC2A58481C2EAD4B0038566D /* HomeCell.m in Sources */,
				CCBCC7071C2D5E7C007105A8 /* AFHTTPRequestOperation.m in Sources */,
				CC7E1C7C1C31570000C7724D /* FMDatabasePool.m in Sources */,
				CCFFEF3B1C30089600ABDFE5 /* SDWebImageCompat.m in Sources */,
				CCFFEF3E1C30089600ABDFE5 /* SDWebImageDownloaderOperation.m in Sources */,
				CCAD83CE1C2ED858006ECF60 /* NSString+Size.m in Sources */,
				CCFFEF121C2FB39400ABDFE5 /* StatusModel.m in Sources */,
				CCFFEF461C30089600ABDFE5 /* UIImageView+WebCache.m in Sources */,
				CCBCC70A1C2D5E7C007105A8 /* AFNetworkReachabilityManager.m in Sources */,
				CCBCC7121C2D6119007105A8 /* Account.m in Sources */,
				CCBCC70F1C2D5E7C007105A8 /* AFURLSessionManager.m in Sources */,
				CCFFEF451C30089600ABDFE5 /* UIImageView+HighlightedWebCache.m in Sources */,
				CCBCC71D1C2D79FE007105A8 /* settingVC.m in Sources */,
				CCFFEF151C2FB3BA00ABDFE5 /* UserModel.m in Sources */,
				CCBCC70D1C2D5E7C007105A8 /* AFURLRequestSerialization.m in Sources */,
				CCFFEF421C30089600ABDFE5 /* UIImage+GIF.m in Sources */,
				CCFFEF431C30089600ABDFE5 /* UIImage+MultiFormat.m in Sources */,
				CC5333071C2CF1730066C85D /* AppDelegate.m in Sources */,
				CC7E1C7E1C31570000C7724D /* FMResultSet.m in Sources */,
				CCFFEF441C30089600ABDFE5 /* UIImage+WebP.m in Sources */,
				CCFFEF401C30089600ABDFE5 /* SDWebImagePrefetcher.m in Sources */,
				CCBCC70E1C2D5E7C007105A8 /* AFURLResponseSerialization.m in Sources */,
				CC5333221C2CFF400066C85D /* GuideVC.m in Sources */,
				CCBCC6F21C2D551F007105A8 /* LoginVC.m in Sources */,
				CCBCC7081C2D5E7C007105A8 /* AFHTTPRequestOperationManager.m in Sources */,
				CCFFEF381C30089600ABDFE5 /* MKAnnotationView+WebCache.m in Sources */,
				CCBCC70B1C2D5E7C007105A8 /* AFSecurityPolicy.m in Sources */,
				CCFFEF3D1C30089600ABDFE5 /* SDWebImageDownloader.m in Sources */,
				CCFFEF411C30089600ABDFE5 /* UIButton+WebCache.m in Sources */,
				CC5333041C2CF1730066C85D /* main.m in Sources */,
				CCFFEF391C30089600ABDFE5 /* NSData+ImageContentType.m in Sources */,
				CCFFEF4A1C301A1600ABDFE5 /* UITableView+Index.m in Sources */,
				CC5333271C2D05B10066C85D /* MainTabBarVC.m in Sources */,
				CCBCC7151C2D6E0A007105A8 /* NSString+FilePath.m in Sources */,
				CCFFEF3A1C30089600ABDFE5 /* SDImageCache.m in Sources */,
				CCBCC7091C2D5E7C007105A8 /* AFHTTPSessionManager.m in Sources */,
				CC7E1C7D1C31570000C7724D /* FMDatabaseQueue.m in Sources */,
				CC7E1C7A1C31570000C7724D /* FMDatabase.m in Sources */,
				CCBCC7191C2D73FE007105A8 /* FindVC.m in Sources */,
			);
			runOnlyForDeploymentPostprocessing = 0;
		};
/* End PBXSourcesBuildPhase section */

/* Begin PBXVariantGroup section */
		CC53330B1C2CF1730066C85D /* Main.storyboard */ = {
			isa = PBXVariantGroup;
			children = (
				CC53330C1C2CF1730066C85D /* Base */,
			);
			name = Main.storyboard;
			sourceTree = "<group>";
		};
		CC5333101C2CF1730066C85D /* LaunchScreen.storyboard */ = {
			isa = PBXVariantGroup;
			children = (
				CC5333111C2CF1730066C85D /* Base */,
			);
			name = LaunchScreen.storyboard;
			sourceTree = "<group>";
		};
/* End PBXVariantGroup section */

/* Begin XCBuildConfiguration section */
		CC5333141C2CF1730066C85D /* Debug */ = {
			isa = XCBuildConfiguration;
			buildSettings = {
				ALWAYS_SEARCH_USER_PATHS = NO;
				CLANG_CXX_LANGUAGE_STANDARD = "gnu++0x";
				CLANG_CXX_LIBRARY = "libc++";
				CLANG_ENABLE_MODULES = YES;
				CLANG_ENABLE_OBJC_ARC = YES;
				CLANG_WARN_BOOL_CONVERSION = YES;
				CLANG_WARN_CONSTANT_CONVERSION = YES;
				CLANG_WARN_DIRECT_OBJC_ISA_USAGE = YES_ERROR;
				CLANG_WARN_EMPTY_BODY = YES;
				CLANG_WARN_ENUM_CONVERSION = YES;
				CLANG_WARN_INT_CONVERSION = YES;
				CLANG_WARN_OBJC_ROOT_CLASS = YES_ERROR;
				CLANG_WARN_UNREACHABLE_CODE = YES;
				CLANG_WARN__DUPLICATE_METHOD_MATCH = YES;
				"CODE_SIGN_IDENTITY[sdk=iphoneos*]" = "iPhone Developer";
				COPY_PHASE_STRIP = NO;
				DEBUG_INFORMATION_FORMAT = dwarf;
				ENABLE_STRICT_OBJC_MSGSEND = YES;
				ENABLE_TESTABILITY = YES;
				GCC_C_LANGUAGE_STANDARD = gnu99;
				GCC_DYNAMIC_NO_PIC = NO;
				GCC_NO_COMMON_BLOCKS = YES;
				GCC_OPTIMIZATION_LEVEL = 0;
				GCC_PREPROCESSOR_DEFINITIONS = (
					"DEBUG=1",
					"$(inherited)",
				);
				GCC_WARN_64_TO_32_BIT_CONVERSION = YES;
				GCC_WARN_ABOUT_RETURN_TYPE = YES_ERROR;
				GCC_WARN_UNDECLARED_SELECTOR = YES;
				GCC_WARN_UNINITIALIZED_AUTOS = YES_AGGRESSIVE;
				GCC_WARN_UNUSED_FUNCTION = YES;
				GCC_WARN_UNUSED_VARIABLE = YES;
				IPHONEOS_DEPLOYMENT_TARGET = 9.2;
				MTL_ENABLE_DEBUG_INFO = YES;
				ONLY_ACTIVE_ARCH = YES;
				SDKROOT = iphoneos;
			};
			name = Debug;
		};
		CC5333151C2CF1730066C85D /* Release */ = {
			isa = XCBuildConfiguration;
			buildSettings = {
				ALWAYS_SEARCH_USER_PATHS = NO;
				CLANG_CXX_LANGUAGE_STANDARD = "gnu++0x";
				CLANG_CXX_LIBRARY = "libc++";
				CLANG_ENABLE_MODULES = YES;
				CLANG_ENABLE_OBJC_ARC = YES;
				CLANG_WARN_BOOL_CONVERSION = YES;
				CLANG_WARN_CONSTANT_CONVERSION = YES;
				CLANG_WARN_DIRECT_OBJC_ISA_USAGE = YES_ERROR;
				CLANG_WARN_EMPTY_BODY = YES;
				CLANG_WARN_ENUM_CONVERSION = YES;
				CLANG_WARN_INT_CONVERSION = YES;
				CLANG_WARN_OBJC_ROOT_CLASS = YES_ERROR;
				CLANG_WARN_UNREACHABLE_CODE = YES;
				CLANG_WARN__DUPLICATE_METHOD_MATCH = YES;
				"CODE_SIGN_IDENTITY[sdk=iphoneos*]" = "iPhone Developer";
				COPY_PHASE_STRIP = NO;
				DEBUG_INFORMATION_FORMAT = "dwarf-with-dsym";
				ENABLE_NS_ASSERTIONS = NO;
				ENABLE_STRICT_OBJC_MSGSEND = YES;
				GCC_C_LANGUAGE_STANDARD = gnu99;
				GCC_NO_COMMON_BLOCKS = YES;
				GCC_WARN_64_TO_32_BIT_CONVERSION = YES;
				GCC_WARN_ABOUT_RETURN_TYPE = YES_ERROR;
				GCC_WARN_UNDECLARED_SELECTOR = YES;
				GCC_WARN_UNINITIALIZED_AUTOS = YES_AGGRESSIVE;
				GCC_WARN_UNUSED_FUNCTION = YES;
				GCC_WARN_UNUSED_VARIABLE = YES;
				IPHONEOS_DEPLOYMENT_TARGET = 9.2;
				MTL_ENABLE_DEBUG_INFO = NO;
				SDKROOT = iphoneos;
				VALIDATE_PRODUCT = YES;
			};
			name = Release;
		};
		CC5333171C2CF1730066C85D /* Debug */ = {
			isa = XCBuildConfiguration;
			buildSettings = {
				ASSETCATALOG_COMPILER_APPICON_NAME = AppIcon;
				INFOPLIST_FILE = SJMicroBlog/Info.plist;
				LD_RUNPATH_SEARCH_PATHS = "$(inherited) @executable_path/Frameworks";
				PRODUCT_BUNDLE_IDENTIFIER = io.github.iGhibli.SJMicroBlog;
				PRODUCT_NAME = "$(TARGET_NAME)";
			};
			name = Debug;
		};
		CC5333181C2CF1730066C85D /* Release */ = {
			isa = XCBuildConfiguration;
			buildSettings = {
				ASSETCATALOG_COMPILER_APPICON_NAME = AppIcon;
				INFOPLIST_FILE = SJMicroBlog/Info.plist;
				LD_RUNPATH_SEARCH_PATHS = "$(inherited) @executable_path/Frameworks";
				PRODUCT_BUNDLE_IDENTIFIER = io.github.iGhibli.SJMicroBlog;
				PRODUCT_NAME = "$(TARGET_NAME)";
			};
			name = Release;
		};
/* End XCBuildConfiguration section */

/* Begin XCConfigurationList section */
		CC5332FA1C2CF1730066C85D /* Build configuration list for PBXProject "SJMicroBlog" */ = {
			isa = XCConfigurationList;
			buildConfigurations = (
				CC5333141C2CF1730066C85D /* Debug */,
				CC5333151C2CF1730066C85D /* Release */,
			);
			defaultConfigurationIsVisible = 0;
			defaultConfigurationName = Release;
		};
		CC5333161C2CF1730066C85D /* Build configuration list for PBXNativeTarget "SJMicroBlog" */ = {
			isa = XCConfigurationList;
			buildConfigurations = (
				CC5333171C2CF1730066C85D /* Debug */,
				CC5333181C2CF1730066C85D /* Release */,
			);
			defaultConfigurationIsVisible = 0;
			defaultConfigurationName = Release;
		};
/* End XCConfigurationList section */
	};
	rootObject = CC5332F71C2CF1730066C85D /* Project object */;
}
